
Microsoft Visual Studio Solution File, Format Version 12.00
# Visual Studio 15
VisualStudioVersion = 15.0.28307.572
MinimumVisualStudioVersion = 10.0.40219.1
Project("{FAE04EC0-301F-11D3-BF4B-00C04F79EFBC}") = "ByteBank", "ByteBank\ByteBank.csproj", "{C5E508BC-DBB5-4761-A130-9F3D11824B7B}"
EndProject
Project("{FAE04EC0-301F-11D3-BF4B-00C04F79EFBC}") = "ByteBank_02", "ByteBank_02\ByteBank_02.csproj", "{C0184259-215E-432E-9C6F-4D2DE75364F9}"
EndProject
Global
	GlobalSection(SolutionConfigurationPlatforms) = preSolution
		Debug|Any CPU = Debug|Any CPU
		Release|Any CPU = Release|Any CPU
	EndGlobalSection
	GlobalSection(ProjectConfigurationPlatforms) = postSolution
		{C5E508BC-DBB5-4761-A130-9F3D11824B7B}.Debug|Any CPU.ActiveCfg = Debug|Any CPU
		{C5E508BC-DBB5-4761-A130-9F3D11824B7B}.Debug|Any CPU.Build.0 = Debug|Any CPU
		{C5E508BC-DBB5-4761-A130-9F3D11824B7B}.Release|Any CPU.ActiveCfg = Release|Any CPU
		{C5E508BC-DBB5-4761-A130-9F3D11824B7B}.Release|Any CPU.Build.0 = Release|Any CPU
		{C0184259-215E-432E-9C6F-4D2DE75364F9}.Debug|Any CPU.ActiveCfg = Debug|Any CPU
		{C0184259-215E-432E-9C6F-4D2DE75364F9}.Debug|Any CPU.Build.0 = Debug|Any CPU
		{C0184259-215E-432E-9C6F-4D2DE75364F9}.Release|Any CPU.ActiveCfg = Release|Any CPU
		{C0184259-215E-432E-9C6F-4D2DE75364F9}.Release|Any CPU.Build.0 = Release|Any CPU
	EndGlobalSection
	GlobalSection(SolutionProperties) = preSolution
		HideSolutionNode = FALSE
	EndGlobalSection
	GlobalSection(ExtensibilityGlobals) = postSolution
		SolutionGuid = {67910C5F-A41D-4D9D-9217-E0D7A19BD912}
	EndGlobalSection
EndGlobal
