
Microsoft Visual Studio Solution File, Format Version 12.00
# Visual Studio Version 16
VisualStudioVersion = 16.0.28803.156
MinimumVisualStudioVersion = 10.0.40219.1
Project("{FAE04EC0-301F-11D3-BF4B-00C04F79EFBC}") = "1-FirstProject", "1-FirstProject\1-FirstProject.csproj", "{F0A45CB3-274F-4CBB-8067-26E734F00DC5}"
EndProject
Project("{FAE04EC0-301F-11D3-BF4B-00C04F79EFBC}") = "2-CreatingVars", "2-CreatingVars\2-CreatingVars.csproj", "{A4D681B9-CF7D-4ABC-9891-F1FDAF6F808F}"
EndProject
Project("{FAE04EC0-301F-11D3-BF4B-00C04F79EFBC}") = "3-CreatingFloatVars", "3-CreatingFloatVars\3-CreatingFloatVars.csproj", "{41C9993B-B756-42F5-8815-3FB1BF8347D4}"
EndProject
Project("{FAE04EC0-301F-11D3-BF4B-00C04F79EFBC}") = "4-CastingAndOthersNumberTypes", "4-ConvertAndOthersNumberTypes\4-CastingAndOthersNumberTypes.csproj", "{6C818F8F-605B-4E1B-8CD1-38E329BDAFE9}"
EndProject
Project("{FAE04EC0-301F-11D3-BF4B-00C04F79EFBC}") = "5-CaracteresAndTexts", "5-CaracteresAndTexts\5-CaracteresAndTexts.csproj", "{EB0190D2-1B09-40B3-90D8-1559E122BA79}"
EndProject
Project("{FAE04EC0-301F-11D3-BF4B-00C04F79EFBC}") = "TestLearningAbout", "TestLearningAbout\TestLearningAbout.csproj", "{F423766D-08A7-4238-9BD0-4B8BE36B0185}"
EndProject
Global
	GlobalSection(SolutionConfigurationPlatforms) = preSolution
		Debug|Any CPU = Debug|Any CPU
		Release|Any CPU = Release|Any CPU
	EndGlobalSection
	GlobalSection(ProjectConfigurationPlatforms) = postSolution
		{F0A45CB3-274F-4CBB-8067-26E734F00DC5}.Debug|Any CPU.ActiveCfg = Debug|Any CPU
		{F0A45CB3-274F-4CBB-8067-26E734F00DC5}.Debug|Any CPU.Build.0 = Debug|Any CPU
		{F0A45CB3-274F-4CBB-8067-26E734F00DC5}.Release|Any CPU.ActiveCfg = Release|Any CPU
		{F0A45CB3-274F-4CBB-8067-26E734F00DC5}.Release|Any CPU.Build.0 = Release|Any CPU
		{A4D681B9-CF7D-4ABC-9891-F1FDAF6F808F}.Debug|Any CPU.ActiveCfg = Debug|Any CPU
		{A4D681B9-CF7D-4ABC-9891-F1FDAF6F808F}.Debug|Any CPU.Build.0 = Debug|Any CPU
		{A4D681B9-CF7D-4ABC-9891-F1FDAF6F808F}.Release|Any CPU.ActiveCfg = Release|Any CPU
		{A4D681B9-CF7D-4ABC-9891-F1FDAF6F808F}.Release|Any CPU.Build.0 = Release|Any CPU
		{41C9993B-B756-42F5-8815-3FB1BF8347D4}.Debug|Any CPU.ActiveCfg = Debug|Any CPU
		{41C9993B-B756-42F5-8815-3FB1BF8347D4}.Debug|Any CPU.Build.0 = Debug|Any CPU
		{41C9993B-B756-42F5-8815-3FB1BF8347D4}.Release|Any CPU.ActiveCfg = Release|Any CPU
		{41C9993B-B756-42F5-8815-3FB1BF8347D4}.Release|Any CPU.Build.0 = Release|Any CPU
		{6C818F8F-605B-4E1B-8CD1-38E329BDAFE9}.Debug|Any CPU.ActiveCfg = Debug|Any CPU
		{6C818F8F-605B-4E1B-8CD1-38E329BDAFE9}.Debug|Any CPU.Build.0 = Debug|Any CPU
		{6C818F8F-605B-4E1B-8CD1-38E329BDAFE9}.Release|Any CPU.ActiveCfg = Release|Any CPU
		{6C818F8F-605B-4E1B-8CD1-38E329BDAFE9}.Release|Any CPU.Build.0 = Release|Any CPU
		{EB0190D2-1B09-40B3-90D8-1559E122BA79}.Debug|Any CPU.ActiveCfg = Debug|Any CPU
		{EB0190D2-1B09-40B3-90D8-1559E122BA79}.Debug|Any CPU.Build.0 = Debug|Any CPU
		{EB0190D2-1B09-40B3-90D8-1559E122BA79}.Release|Any CPU.ActiveCfg = Release|Any CPU
		{EB0190D2-1B09-40B3-90D8-1559E122BA79}.Release|Any CPU.Build.0 = Release|Any CPU
		{F423766D-08A7-4238-9BD0-4B8BE36B0185}.Debug|Any CPU.ActiveCfg = Debug|Any CPU
		{F423766D-08A7-4238-9BD0-4B8BE36B0185}.Debug|Any CPU.Build.0 = Debug|Any CPU
		{F423766D-08A7-4238-9BD0-4B8BE36B0185}.Release|Any CPU.ActiveCfg = Release|Any CPU
		{F423766D-08A7-4238-9BD0-4B8BE36B0185}.Release|Any CPU.Build.0 = Release|Any CPU
	EndGlobalSection
	GlobalSection(SolutionProperties) = preSolution
		HideSolutionNode = FALSE
	EndGlobalSection
	GlobalSection(ExtensibilityGlobals) = postSolution
		SolutionGuid = {1FAAA88C-E5BD-40E3-8693-949050CDC699}
	EndGlobalSection
EndGlobal
